
Microsoft Visual Studio Solution File, Format Version 12.00
# Visual Studio 15
VisualStudioVersion = 15.0.26430.16
MinimumVisualStudioVersion = 10.0.40219.1
Project("{9A19103F-16F7-4668-BE54-9A1E7A4F7556}") = "Library", "Library\Library.csproj", "{02A631DD-DD2F-40FA-8818-86230B81E012}"
EndProject
Project("{9A19103F-16F7-4668-BE54-9A1E7A4F7556}") = "LibraryData", "LibraryData\LibraryData.csproj", "{2A0F53F9-3868-4182-BB66-6996DFF0C9B3}"
EndProject
Project("{FAE04EC0-301F-11D3-BF4B-00C04F79EFBC}") = "LibraryServices", "LibraryServices\LibraryServices.csproj", "{D3364A0A-78BF-4EDA-84EA-B956DE49C1C0}"
EndProject
Global
	GlobalSection(SolutionConfigurationPlatforms) = preSolution
		Debug|Any CPU = Debug|Any CPU
		Release|Any CPU = Release|Any CPU
	EndGlobalSection
	GlobalSection(ProjectConfigurationPlatforms) = postSolution
		{02A631DD-DD2F-40FA-8818-86230B81E012}.Debug|Any CPU.ActiveCfg = Debug|Any CPU
		{02A631DD-DD2F-40FA-8818-86230B81E012}.Debug|Any CPU.Build.0 = Debug|Any CPU
		{02A631DD-DD2F-40FA-8818-86230B81E012}.Release|Any CPU.ActiveCfg = Release|Any CPU
		{02A631DD-DD2F-40FA-8818-86230B81E012}.Release|Any CPU.Build.0 = Release|Any CPU
		{2A0F53F9-3868-4182-BB66-6996DFF0C9B3}.Debug|Any CPU.ActiveCfg = Debug|Any CPU
		{2A0F53F9-3868-4182-BB66-6996DFF0C9B3}.Debug|Any CPU.Build.0 = Debug|Any CPU
		{2A0F53F9-3868-4182-BB66-6996DFF0C9B3}.Release|Any CPU.ActiveCfg = Release|Any CPU
		{2A0F53F9-3868-4182-BB66-6996DFF0C9B3}.Release|Any CPU.Build.0 = Release|Any CPU
		{D3364A0A-78BF-4EDA-84EA-B956DE49C1C0}.Debug|Any CPU.ActiveCfg = Debug|Any CPU
		{D3364A0A-78BF-4EDA-84EA-B956DE49C1C0}.Debug|Any CPU.Build.0 = Debug|Any CPU
		{D3364A0A-78BF-4EDA-84EA-B956DE49C1C0}.Release|Any CPU.ActiveCfg = Release|Any CPU
		{D3364A0A-78BF-4EDA-84EA-B956DE49C1C0}.Release|Any CPU.Build.0 = Release|Any CPU
	EndGlobalSection
	GlobalSection(SolutionProperties) = preSolution
		HideSolutionNode = FALSE
	EndGlobalSection
EndGlobal
